
Microsoft Visual Studio Solution File, Format Version 12.00
# Visual Studio Version 17
VisualStudioVersion = 17.6.33801.468
MinimumVisualStudioVersion = 10.0.40219.1
Project("{9A19103F-16F7-4668-BE54-9A1E7A4F7556}") = "RelacionamentosEF", "RelacionamentosEF.csproj", "{F49DC1F0-CDB0-4A4E-BB3F-CFC2DA13235B}"
EndProject
Global
	GlobalSection(SolutionConfigurationPlatforms) = preSolution
		Debug|Any CPU = Debug|Any CPU
		Release|Any CPU = Release|Any CPU
	EndGlobalSection
	GlobalSection(ProjectConfigurationPlatforms) = postSolution
		{F49DC1F0-CDB0-4A4E-BB3F-CFC2DA13235B}.Debug|Any CPU.ActiveCfg = Debug|Any CPU
		{F49DC1F0-CDB0-4A4E-BB3F-CFC2DA13235B}.Debug|Any CPU.Build.0 = Debug|Any CPU
		{F49DC1F0-CDB0-4A4E-BB3F-CFC2DA13235B}.Release|Any CPU.ActiveCfg = Release|Any CPU
		{F49DC1F0-CDB0-4A4E-BB3F-CFC2DA13235B}.Release|Any CPU.Build.0 = Release|Any CPU
	EndGlobalSection
	GlobalSection(SolutionProperties) = preSolution
		HideSolutionNode = FALSE
	EndGlobalSection
	GlobalSection(ExtensibilityGlobals) = postSolution
		SolutionGuid = {2AEE3BA3-988B-4A7E-AEF9-37E683E56FB5}
	EndGlobalSection
EndGlobal
